
Microsoft Visual Studio Solution File, Format Version 12.00
# Visual Studio Version 16
VisualStudioVersion = 16.0.30011.22
MinimumVisualStudioVersion = 10.0.40219.1
Project("{FAE04EC0-301F-11D3-BF4B-00C04F79EFBC}") = "Online-Banking-system-master", "Online-Banking-system-master\Online-Banking-system-master.csproj", "{8C50311A-F264-46A1-B7BC-FF46ADF900F5}"
EndProject
Global
	GlobalSection(SolutionConfigurationPlatforms) = preSolution
		Debug|Any CPU = Debug|Any CPU
		Release|Any CPU = Release|Any CPU
	EndGlobalSection
	GlobalSection(ProjectConfigurationPlatforms) = postSolution
		{8C50311A-F264-46A1-B7BC-FF46ADF900F5}.Debug|Any CPU.ActiveCfg = Debug|Any CPU
		{8C50311A-F264-46A1-B7BC-FF46ADF900F5}.Debug|Any CPU.Build.0 = Debug|Any CPU
		{8C50311A-F264-46A1-B7BC-FF46ADF900F5}.Release|Any CPU.ActiveCfg = Release|Any CPU
		{8C50311A-F264-46A1-B7BC-FF46ADF900F5}.Release|Any CPU.Build.0 = Release|Any CPU
	EndGlobalSection
	GlobalSection(SolutionProperties) = preSolution
		HideSolutionNode = FALSE
	EndGlobalSection
	GlobalSection(ExtensibilityGlobals) = postSolution
		SolutionGuid = {A5B2E9A9-518D-4AB9-89A2-C617AB5FB971}
	EndGlobalSection
EndGlobal
